
Microsoft Visual Studio Solution File, Format Version 12.00
# Visual Studio 2013
VisualStudioVersion = 12.0.40629.0
MinimumVisualStudioVersion = 10.0.40219.1
Project("{FAE04EC0-301F-11D3-BF4B-00C04F79EFBC}") = "BookReading", "BookReading\BookReading.csproj", "{DE847ECF-CFF6-48A3-BEBD-BC12633A3F87}"
EndProject
Project("{FAE04EC0-301F-11D3-BF4B-00C04F79EFBC}") = "BookReading.Tests", "BookReading.Tests\BookReading.Tests.csproj", "{640F38A6-7693-407E-A489-5F30AD335D97}"
EndProject
Global
	GlobalSection(SolutionConfigurationPlatforms) = preSolution
		Debug|Any CPU = Debug|Any CPU
		Release|Any CPU = Release|Any CPU
	EndGlobalSection
	GlobalSection(ProjectConfigurationPlatforms) = postSolution
		{DE847ECF-CFF6-48A3-BEBD-BC12633A3F87}.Debug|Any CPU.ActiveCfg = Debug|Any CPU
		{DE847ECF-CFF6-48A3-BEBD-BC12633A3F87}.Debug|Any CPU.Build.0 = Debug|Any CPU
		{DE847ECF-CFF6-48A3-BEBD-BC12633A3F87}.Release|Any CPU.ActiveCfg = Release|Any CPU
		{DE847ECF-CFF6-48A3-BEBD-BC12633A3F87}.Release|Any CPU.Build.0 = Release|Any CPU
		{640F38A6-7693-407E-A489-5F30AD335D97}.Debug|Any CPU.ActiveCfg = Debug|Any CPU
		{640F38A6-7693-407E-A489-5F30AD335D97}.Debug|Any CPU.Build.0 = Debug|Any CPU
		{640F38A6-7693-407E-A489-5F30AD335D97}.Release|Any CPU.ActiveCfg = Release|Any CPU
		{640F38A6-7693-407E-A489-5F30AD335D97}.Release|Any CPU.Build.0 = Release|Any CPU
	EndGlobalSection
	GlobalSection(SolutionProperties) = preSolution
		HideSolutionNode = FALSE
	EndGlobalSection
EndGlobal
